
Microsoft Visual Studio Solution File, Format Version 12.00
# Visual Studio Version 16
VisualStudioVersion = 16.0.30523.141
MinimumVisualStudioVersion = 10.0.40219.1
Project("{FAE04EC0-301F-11D3-BF4B-00C04F79EFBC}") = "sistemarastreamento", "sistemarastreamento\sistemarastreamento.csproj", "{E7D37B01-C388-48D3-8B27-DB42E43796B5}"
EndProject
Global
	GlobalSection(SolutionConfigurationPlatforms) = preSolution
		Debug|Any CPU = Debug|Any CPU
		Release|Any CPU = Release|Any CPU
	EndGlobalSection
	GlobalSection(ProjectConfigurationPlatforms) = postSolution
		{E7D37B01-C388-48D3-8B27-DB42E43796B5}.Debug|Any CPU.ActiveCfg = Debug|Any CPU
		{E7D37B01-C388-48D3-8B27-DB42E43796B5}.Debug|Any CPU.Build.0 = Debug|Any CPU
		{E7D37B01-C388-48D3-8B27-DB42E43796B5}.Release|Any CPU.ActiveCfg = Release|Any CPU
		{E7D37B01-C388-48D3-8B27-DB42E43796B5}.Release|Any CPU.Build.0 = Release|Any CPU
	EndGlobalSection
	GlobalSection(SolutionProperties) = preSolution
		HideSolutionNode = FALSE
	EndGlobalSection
	GlobalSection(ExtensibilityGlobals) = postSolution
		SolutionGuid = {6BF2754F-72EC-48A1-90E0-A7924C154D4F}
	EndGlobalSection
EndGlobal
